{
    "_readme": [
        "This file locks the dependencies of your project to a known state",
        "Read more about it at https://getcomposer.org/doc/01-basic-usage.md#installing-dependencies",
        "This file is @generated automatically"
    ],
    "content-hash": "b4b666a5ca6b4cf03a23f4181ffd50eb",
    "packages": [
        {
            "name": "alexandr-mironov/php-smpp",
            "version": "1.3.0.9",
            "source": {
                "type": "git",
                "url": "https://github.com/alexandr-mironov/php-smpp.git",
                "reference": "1d3b53c2d2b63d51ab70009d956914b7f8903118"
            },
            "dist": {
                "type": "zip",
                "url": "https://api.github.com/repos/alexandr-mironov/php-smpp/zipball/1d3b53c2d2b63d51ab70009d956914b7f8903118",
                "reference": "1d3b53c2d2b63d51ab70009d956914b7f8903118",
                "shasum": ""
            },
            "require": {
                "ext-mbstring": "*",
                "ext-sockets": "*",
                "php": ">=5.4"
            },
            "type": "library",
            "autoload": {
                "psr-4": {
                    "smpp\\": "src/"
                }
            },
            "notification-url": "https://packagist.org/downloads/",
            "license": [
                "LGPL-2.0-or-later"
            ],
            "authors": [
                {
                    "name": "Alexandr Mironov",
                    "email": "alex@hyptrex.com"
                },
                {
                    "name": "Hans Duedal",
                    "email": "hd@oc.dk",
                    "homepage": "http://oc.dk"
                }
            ],
            "description": "PHP SMPP client lib, fork of onlinecity/php-smpp",
            "homepage": "https://github.com/alexandr-mironov/php-smpp",
            "keywords": [
                "gsm",
                "smpp",
                "sms",
                "texting"
            ],
            "support": {
                "issues": "https://github.com/alexandr-mironov/php-smpp/issues",
                "source": "https://github.com/alexandr-mironov/php-smpp/tree/1.3.0.9"
            },
            "time": "2022-12-02T20:14:38+00:00"
        }
    ],
    "packages-dev": [],
    "aliases": [],
    "minimum-stability": "stable",
    "stability-flags": {},
    "prefer-stable": false,
    "prefer-lowest": false,
    "platform": {
        "php": "^8.0"
    },
    "platform-dev": {},
    "plugin-api-version": "2.6.0"
}
